
Microsoft Visual Studio Solution File, Format Version 12.00
# Visual Studio 15
Project("{FAE04EC0-301F-11D3-BF4B-00C04F79EFBC}") = "UnityEngine.UI", "UnityEngine.UI.csproj", "{CDE6BD0C-5F6F-6257-C439-9E61033F05CC}"
EndProject
Project("{FAE04EC0-301F-11D3-BF4B-00C04F79EFBC}") = "UnityEngine.TestRunner", "UnityEngine.TestRunner.csproj", "{A9148F1F-FF2F-BAB3-6950-4871808F19D8}"
EndProject
Project("{FAE04EC0-301F-11D3-BF4B-00C04F79EFBC}") = "Unity.RenderPipelines.Universal.Runtime", "Unity.RenderPipelines.Universal.Runtime.csproj", "{A473F946-4F27-4DA9-EEBD-A12EBC11840A}"
EndProject
Project("{FAE04EC0-301F-11D3-BF4B-00C04F79EFBC}") = "Unity.TextMeshPro", "Unity.TextMeshPro.csproj", "{3164093F-ED5E-B419-EC9A-E47D447A694F}"
EndProject
Project("{FAE04EC0-301F-11D3-BF4B-00C04F79EFBC}") = "Unity.Timeline", "Unity.Timeline.csproj", "{726A1EC9-AD4F-809F-E309-97F018CCE1D0}"
EndProject
Project("{FAE04EC0-301F-11D3-BF4B-00C04F79EFBC}") = "Assembly-CSharp", "Assembly-CSharp.csproj", "{2402980E-A114-2E6D-5764-3C656A4697DD}"
EndProject
Project("{FAE04EC0-301F-11D3-BF4B-00C04F79EFBC}") = "Cinemachine", "Cinemachine.csproj", "{55372625-866C-E1FC-FB2A-E71D8B90DBCE}"
EndProject
Project("{FAE04EC0-301F-11D3-BF4B-00C04F79EFBC}") = "Unity.RenderPipelines.Core.Runtime", "Unity.RenderPipelines.Core.Runtime.csproj", "{5707E0E8-03B1-FB83-1510-15B11A7FA14B}"
EndProject
Project("{FAE04EC0-301F-11D3-BF4B-00C04F79EFBC}") = "PathCreator", "PathCreator.csproj", "{53CD33D9-4D75-655A-3E63-2CF74FB9CC86}"
EndProject
Project("{FAE04EC0-301F-11D3-BF4B-00C04F79EFBC}") = "Unity.RenderPipelines.ShaderGraph.ShaderGraphLibrary", "Unity.RenderPipelines.ShaderGraph.ShaderGraphLibrary.csproj", "{D8E3427E-3991-7EB3-951D-C323B6BB090D}"
EndProject
Project("{FAE04EC0-301F-11D3-BF4B-00C04F79EFBC}") = "Unity.RenderPipeline.Universal.ShaderLibrary", "Unity.RenderPipeline.Universal.ShaderLibrary.csproj", "{0DD53FF0-D907-B436-D658-835319AE02F5}"
EndProject
Project("{FAE04EC0-301F-11D3-BF4B-00C04F79EFBC}") = "Unity.RenderPipelines.Core.ShaderLibrary", "Unity.RenderPipelines.Core.ShaderLibrary.csproj", "{9B13FA02-64C4-1CC8-3849-5F6E5269E862}"
EndProject
Project("{FAE04EC0-301F-11D3-BF4B-00C04F79EFBC}") = "Unity.RenderPipelines.Universal.Shaders", "Unity.RenderPipelines.Universal.Shaders.csproj", "{E21680AC-2639-F382-4E0F-F44068B4EABD}"
EndProject
Project("{FAE04EC0-301F-11D3-BF4B-00C04F79EFBC}") = "Unity.ShaderGraph.Editor", "Unity.ShaderGraph.Editor.csproj", "{4D44E1BF-E373-CBC4-AE11-DD9C2DDEAE02}"
EndProject
Project("{FAE04EC0-301F-11D3-BF4B-00C04F79EFBC}") = "Unity.TextMeshPro.Editor", "Unity.TextMeshPro.Editor.csproj", "{E8DB8E68-DEDE-FFE2-C4E0-AEA4EF49AC8B}"
EndProject
Project("{FAE04EC0-301F-11D3-BF4B-00C04F79EFBC}") = "Unity.Timeline.Editor", "Unity.Timeline.Editor.csproj", "{9A3D03EB-A69E-F85D-C820-CB328D86D26C}"
EndProject
Project("{FAE04EC0-301F-11D3-BF4B-00C04F79EFBC}") = "UnityEditor.TestRunner", "UnityEditor.TestRunner.csproj", "{82616A41-2240-2418-0EB8-DEEF049E0188}"
EndProject
Project("{FAE04EC0-301F-11D3-BF4B-00C04F79EFBC}") = "Unity.RenderPipelines.Universal.Editor", "Unity.RenderPipelines.Universal.Editor.csproj", "{7A00CAAE-1364-63FA-CF34-BC3BB8F9514D}"
EndProject
Project("{FAE04EC0-301F-11D3-BF4B-00C04F79EFBC}") = "PathCreatorEditor", "PathCreatorEditor.csproj", "{8F4176E8-E6B3-F47A-2746-92AEE36E1823}"
EndProject
Project("{FAE04EC0-301F-11D3-BF4B-00C04F79EFBC}") = "com.unity.cinemachine.editor", "com.unity.cinemachine.editor.csproj", "{F4DC97D0-1748-C6FF-E629-68489E3A5B5E}"
EndProject
Project("{FAE04EC0-301F-11D3-BF4B-00C04F79EFBC}") = "UnityEditor.UI", "UnityEditor.UI.csproj", "{5C96F4C6-5325-42AD-4FB0-8DC06A562D1D}"
EndProject
Project("{FAE04EC0-301F-11D3-BF4B-00C04F79EFBC}") = "Unity.Rider.Editor", "Unity.Rider.Editor.csproj", "{6E97269C-E97E-7AB7-F1AC-C467790B05AF}"
EndProject
Project("{FAE04EC0-301F-11D3-BF4B-00C04F79EFBC}") = "Unity.RenderPipelines.Core.Editor", "Unity.RenderPipelines.Core.Editor.csproj", "{A9B7C6C5-E430-89C9-70DC-3320FE298777}"
EndProject
Project("{FAE04EC0-301F-11D3-BF4B-00C04F79EFBC}") = "Unity.CollabProxy.Editor", "Unity.CollabProxy.Editor.csproj", "{C36BA1C2-856C-1DF7-6BBB-34EA0E8E4889}"
EndProject
Project("{FAE04EC0-301F-11D3-BF4B-00C04F79EFBC}") = "Unity.VSCode.Editor", "Unity.VSCode.Editor.csproj", "{9059CEF0-5465-65EE-E0CC-787B4B4B4001}"
EndProject
Project("{FAE04EC0-301F-11D3-BF4B-00C04F79EFBC}") = "Unity.ShaderGraph.Utilities", "Unity.ShaderGraph.Utilities.csproj", "{4FA846AB-016B-70BC-91F7-2AA285CDAA7F}"
EndProject
Project("{FAE04EC0-301F-11D3-BF4B-00C04F79EFBC}") = "Assembly-CSharp-Editor", "Assembly-CSharp-Editor.csproj", "{38FB0AD9-0301-B2B1-CEDD-43012EBD73BC}"
EndProject
Project("{FAE04EC0-301F-11D3-BF4B-00C04F79EFBC}") = "Assembly-CSharp.Player", "Assembly-CSharp.Player.csproj", "{6066E543-6188-A440-E372-875A7F02E00F}"
EndProject
Project("{FAE04EC0-301F-11D3-BF4B-00C04F79EFBC}") = "PathCreator.Player", "PathCreator.Player.csproj", "{80E5DE15-2C8C-F3EA-326D-136A77D13078}"
EndProject
Global
	GlobalSection(SolutionConfigurationPlatforms) = preSolution
		Debug|Any CPU = Debug|Any CPU
		Release|Any CPU = Release|Any CPU
	EndGlobalSection
	GlobalSection(ProjectConfigurationPlatforms) = postSolution
		{CDE6BD0C-5F6F-6257-C439-9E61033F05CC}.Debug|Any CPU.ActiveCfg = Debug|Any CPU
		{CDE6BD0C-5F6F-6257-C439-9E61033F05CC}.Debug|Any CPU.Build.0 = Debug|Any CPU
		{CDE6BD0C-5F6F-6257-C439-9E61033F05CC}.Release|Any CPU.ActiveCfg = Release|Any CPU
		{CDE6BD0C-5F6F-6257-C439-9E61033F05CC}.Release|Any CPU.Build.0 = Release|Any CPU
		{A9148F1F-FF2F-BAB3-6950-4871808F19D8}.Debug|Any CPU.ActiveCfg = Debug|Any CPU
		{A9148F1F-FF2F-BAB3-6950-4871808F19D8}.Debug|Any CPU.Build.0 = Debug|Any CPU
		{A9148F1F-FF2F-BAB3-6950-4871808F19D8}.Release|Any CPU.ActiveCfg = Release|Any CPU
		{A9148F1F-FF2F-BAB3-6950-4871808F19D8}.Release|Any CPU.Build.0 = Release|Any CPU
		{A473F946-4F27-4DA9-EEBD-A12EBC11840A}.Debug|Any CPU.ActiveCfg = Debug|Any CPU
		{A473F946-4F27-4DA9-EEBD-A12EBC11840A}.Debug|Any CPU.Build.0 = Debug|Any CPU
		{A473F946-4F27-4DA9-EEBD-A12EBC11840A}.Release|Any CPU.ActiveCfg = Release|Any CPU
		{A473F946-4F27-4DA9-EEBD-A12EBC11840A}.Release|Any CPU.Build.0 = Release|Any CPU
		{3164093F-ED5E-B419-EC9A-E47D447A694F}.Debug|Any CPU.ActiveCfg = Debug|Any CPU
		{3164093F-ED5E-B419-EC9A-E47D447A694F}.Debug|Any CPU.Build.0 = Debug|Any CPU
		{3164093F-ED5E-B419-EC9A-E47D447A694F}.Release|Any CPU.ActiveCfg = Release|Any CPU
		{3164093F-ED5E-B419-EC9A-E47D447A694F}.Release|Any CPU.Build.0 = Release|Any CPU
		{726A1EC9-AD4F-809F-E309-97F018CCE1D0}.Debug|Any CPU.ActiveCfg = Debug|Any CPU
		{726A1EC9-AD4F-809F-E309-97F018CCE1D0}.Debug|Any CPU.Build.0 = Debug|Any CPU
		{726A1EC9-AD4F-809F-E309-97F018CCE1D0}.Release|Any CPU.ActiveCfg = Release|Any CPU
		{726A1EC9-AD4F-809F-E309-97F018CCE1D0}.Release|Any CPU.Build.0 = Release|Any CPU
		{2402980E-A114-2E6D-5764-3C656A4697DD}.Debug|Any CPU.ActiveCfg = Debug|Any CPU
		{2402980E-A114-2E6D-5764-3C656A4697DD}.Debug|Any CPU.Build.0 = Debug|Any CPU
		{2402980E-A114-2E6D-5764-3C656A4697DD}.Release|Any CPU.ActiveCfg = Release|Any CPU
		{2402980E-A114-2E6D-5764-3C656A4697DD}.Release|Any CPU.Build.0 = Release|Any CPU
		{55372625-866C-E1FC-FB2A-E71D8B90DBCE}.Debug|Any CPU.ActiveCfg = Debug|Any CPU
		{55372625-866C-E1FC-FB2A-E71D8B90DBCE}.Debug|Any CPU.Build.0 = Debug|Any CPU
		{55372625-866C-E1FC-FB2A-E71D8B90DBCE}.Release|Any CPU.ActiveCfg = Release|Any CPU
		{55372625-866C-E1FC-FB2A-E71D8B90DBCE}.Release|Any CPU.Build.0 = Release|Any CPU
		{5707E0E8-03B1-FB83-1510-15B11A7FA14B}.Debug|Any CPU.ActiveCfg = Debug|Any CPU
		{5707E0E8-03B1-FB83-1510-15B11A7FA14B}.Debug|Any CPU.Build.0 = Debug|Any CPU
		{5707E0E8-03B1-FB83-1510-15B11A7FA14B}.Release|Any CPU.ActiveCfg = Release|Any CPU
		{5707E0E8-03B1-FB83-1510-15B11A7FA14B}.Release|Any CPU.Build.0 = Release|Any CPU
		{53CD33D9-4D75-655A-3E63-2CF74FB9CC86}.Debug|Any CPU.ActiveCfg = Debug|Any CPU
		{53CD33D9-4D75-655A-3E63-2CF74FB9CC86}.Debug|Any CPU.Build.0 = Debug|Any CPU
		{53CD33D9-4D75-655A-3E63-2CF74FB9CC86}.Release|Any CPU.ActiveCfg = Release|Any CPU
		{53CD33D9-4D75-655A-3E63-2CF74FB9CC86}.Release|Any CPU.Build.0 = Release|Any CPU
		{D8E3427E-3991-7EB3-951D-C323B6BB090D}.Debug|Any CPU.ActiveCfg = Debug|Any CPU
		{D8E3427E-3991-7EB3-951D-C323B6BB090D}.Debug|Any CPU.Build.0 = Debug|Any CPU
		{D8E3427E-3991-7EB3-951D-C323B6BB090D}.Release|Any CPU.ActiveCfg = Release|Any CPU
		{D8E3427E-3991-7EB3-951D-C323B6BB090D}.Release|Any CPU.Build.0 = Release|Any CPU
		{0DD53FF0-D907-B436-D658-835319AE02F5}.Debug|Any CPU.ActiveCfg = Debug|Any CPU
		{0DD53FF0-D907-B436-D658-835319AE02F5}.Debug|Any CPU.Build.0 = Debug|Any CPU
		{0DD53FF0-D907-B436-D658-835319AE02F5}.Release|Any CPU.ActiveCfg = Release|Any CPU
		{0DD53FF0-D907-B436-D658-835319AE02F5}.Release|Any CPU.Build.0 = Release|Any CPU
		{9B13FA02-64C4-1CC8-3849-5F6E5269E862}.Debug|Any CPU.ActiveCfg = Debug|Any CPU
		{9B13FA02-64C4-1CC8-3849-5F6E5269E862}.Debug|Any CPU.Build.0 = Debug|Any CPU
		{9B13FA02-64C4-1CC8-3849-5F6E5269E862}.Release|Any CPU.ActiveCfg = Release|Any CPU
		{9B13FA02-64C4-1CC8-3849-5F6E5269E862}.Release|Any CPU.Build.0 = Release|Any CPU
		{E21680AC-2639-F382-4E0F-F44068B4EABD}.Debug|Any CPU.ActiveCfg = Debug|Any CPU
		{E21680AC-2639-F382-4E0F-F44068B4EABD}.Debug|Any CPU.Build.0 = Debug|Any CPU
		{E21680AC-2639-F382-4E0F-F44068B4EABD}.Release|Any CPU.ActiveCfg = Release|Any CPU
		{E21680AC-2639-F382-4E0F-F44068B4EABD}.Release|Any CPU.Build.0 = Release|Any CPU
		{4D44E1BF-E373-CBC4-AE11-DD9C2DDEAE02}.Debug|Any CPU.ActiveCfg = Debug|Any CPU
		{4D44E1BF-E373-CBC4-AE11-DD9C2DDEAE02}.Debug|Any CPU.Build.0 = Debug|Any CPU
		{4D44E1BF-E373-CBC4-AE11-DD9C2DDEAE02}.Release|Any CPU.ActiveCfg = Release|Any CPU
		{4D44E1BF-E373-CBC4-AE11-DD9C2DDEAE02}.Release|Any CPU.Build.0 = Release|Any CPU
		{E8DB8E68-DEDE-FFE2-C4E0-AEA4EF49AC8B}.Debug|Any CPU.ActiveCfg = Debug|Any CPU
		{E8DB8E68-DEDE-FFE2-C4E0-AEA4EF49AC8B}.Debug|Any CPU.Build.0 = Debug|Any CPU
		{E8DB8E68-DEDE-FFE2-C4E0-AEA4EF49AC8B}.Release|Any CPU.ActiveCfg = Release|Any CPU
		{E8DB8E68-DEDE-FFE2-C4E0-AEA4EF49AC8B}.Release|Any CPU.Build.0 = Release|Any CPU
		{9A3D03EB-A69E-F85D-C820-CB328D86D26C}.Debug|Any CPU.ActiveCfg = Debug|Any CPU
		{9A3D03EB-A69E-F85D-C820-CB328D86D26C}.Debug|Any CPU.Build.0 = Debug|Any CPU
		{9A3D03EB-A69E-F85D-C820-CB328D86D26C}.Release|Any CPU.ActiveCfg = Release|Any CPU
		{9A3D03EB-A69E-F85D-C820-CB328D86D26C}.Release|Any CPU.Build.0 = Release|Any CPU
		{82616A41-2240-2418-0EB8-DEEF049E0188}.Debug|Any CPU.ActiveCfg = Debug|Any CPU
		{82616A41-2240-2418-0EB8-DEEF049E0188}.Debug|Any CPU.Build.0 = Debug|Any CPU
		{82616A41-2240-2418-0EB8-DEEF049E0188}.Release|Any CPU.ActiveCfg = Release|Any CPU
		{82616A41-2240-2418-0EB8-DEEF049E0188}.Release|Any CPU.Build.0 = Release|Any CPU
		{7A00CAAE-1364-63FA-CF34-BC3BB8F9514D}.Debug|Any CPU.ActiveCfg = Debug|Any CPU
		{7A00CAAE-1364-63FA-CF34-BC3BB8F9514D}.Debug|Any CPU.Build.0 = Debug|Any CPU
		{7A00CAAE-1364-63FA-CF34-BC3BB8F9514D}.Release|Any CPU.ActiveCfg = Release|Any CPU
		{7A00CAAE-1364-63FA-CF34-BC3BB8F9514D}.Release|Any CPU.Build.0 = Release|Any CPU
		{8F4176E8-E6B3-F47A-2746-92AEE36E1823}.Debug|Any CPU.ActiveCfg = Debug|Any CPU
		{8F4176E8-E6B3-F47A-2746-92AEE36E1823}.Debug|Any CPU.Build.0 = Debug|Any CPU
		{8F4176E8-E6B3-F47A-2746-92AEE36E1823}.Release|Any CPU.ActiveCfg = Release|Any CPU
		{8F4176E8-E6B3-F47A-2746-92AEE36E1823}.Release|Any CPU.Build.0 = Release|Any CPU
		{F4DC97D0-1748-C6FF-E629-68489E3A5B5E}.Debug|Any CPU.ActiveCfg = Debug|Any CPU
		{F4DC97D0-1748-C6FF-E629-68489E3A5B5E}.Debug|Any CPU.Build.0 = Debug|Any CPU
		{F4DC97D0-1748-C6FF-E629-68489E3A5B5E}.Release|Any CPU.ActiveCfg = Release|Any CPU
		{F4DC97D0-1748-C6FF-E629-68489E3A5B5E}.Release|Any CPU.Build.0 = Release|Any CPU
		{5C96F4C6-5325-42AD-4FB0-8DC06A562D1D}.Debug|Any CPU.ActiveCfg = Debug|Any CPU
		{5C96F4C6-5325-42AD-4FB0-8DC06A562D1D}.Debug|Any CPU.Build.0 = Debug|Any CPU
		{5C96F4C6-5325-42AD-4FB0-8DC06A562D1D}.Release|Any CPU.ActiveCfg = Release|Any CPU
		{5C96F4C6-5325-42AD-4FB0-8DC06A562D1D}.Release|Any CPU.Build.0 = Release|Any CPU
		{6E97269C-E97E-7AB7-F1AC-C467790B05AF}.Debug|Any CPU.ActiveCfg = Debug|Any CPU
		{6E97269C-E97E-7AB7-F1AC-C467790B05AF}.Debug|Any CPU.Build.0 = Debug|Any CPU
		{6E97269C-E97E-7AB7-F1AC-C467790B05AF}.Release|Any CPU.ActiveCfg = Release|Any CPU
		{6E97269C-E97E-7AB7-F1AC-C467790B05AF}.Release|Any CPU.Build.0 = Release|Any CPU
		{A9B7C6C5-E430-89C9-70DC-3320FE298777}.Debug|Any CPU.ActiveCfg = Debug|Any CPU
		{A9B7C6C5-E430-89C9-70DC-3320FE298777}.Debug|Any CPU.Build.0 = Debug|Any CPU
		{A9B7C6C5-E430-89C9-70DC-3320FE298777}.Release|Any CPU.ActiveCfg = Release|Any CPU
		{A9B7C6C5-E430-89C9-70DC-3320FE298777}.Release|Any CPU.Build.0 = Release|Any CPU
		{C36BA1C2-856C-1DF7-6BBB-34EA0E8E4889}.Debug|Any CPU.ActiveCfg = Debug|Any CPU
		{C36BA1C2-856C-1DF7-6BBB-34EA0E8E4889}.Debug|Any CPU.Build.0 = Debug|Any CPU
		{C36BA1C2-856C-1DF7-6BBB-34EA0E8E4889}.Release|Any CPU.ActiveCfg = Release|Any CPU
		{C36BA1C2-856C-1DF7-6BBB-34EA0E8E4889}.Release|Any CPU.Build.0 = Release|Any CPU
		{9059CEF0-5465-65EE-E0CC-787B4B4B4001}.Debug|Any CPU.ActiveCfg = Debug|Any CPU
		{9059CEF0-5465-65EE-E0CC-787B4B4B4001}.Debug|Any CPU.Build.0 = Debug|Any CPU
		{9059CEF0-5465-65EE-E0CC-787B4B4B4001}.Release|Any CPU.ActiveCfg = Release|Any CPU
		{9059CEF0-5465-65EE-E0CC-787B4B4B4001}.Release|Any CPU.Build.0 = Release|Any CPU
		{4FA846AB-016B-70BC-91F7-2AA285CDAA7F}.Debug|Any CPU.ActiveCfg = Debug|Any CPU
		{4FA846AB-016B-70BC-91F7-2AA285CDAA7F}.Debug|Any CPU.Build.0 = Debug|Any CPU
		{4FA846AB-016B-70BC-91F7-2AA285CDAA7F}.Release|Any CPU.ActiveCfg = Release|Any CPU
		{4FA846AB-016B-70BC-91F7-2AA285CDAA7F}.Release|Any CPU.Build.0 = Release|Any CPU
		{38FB0AD9-0301-B2B1-CEDD-43012EBD73BC}.Debug|Any CPU.ActiveCfg = Debug|Any CPU
		{38FB0AD9-0301-B2B1-CEDD-43012EBD73BC}.Debug|Any CPU.Build.0 = Debug|Any CPU
		{38FB0AD9-0301-B2B1-CEDD-43012EBD73BC}.Release|Any CPU.ActiveCfg = Release|Any CPU
		{38FB0AD9-0301-B2B1-CEDD-43012EBD73BC}.Release|Any CPU.Build.0 = Release|Any CPU
		{6066E543-6188-A440-E372-875A7F02E00F}.Debug|Any CPU.ActiveCfg = Debug|Any CPU
		{6066E543-6188-A440-E372-875A7F02E00F}.Debug|Any CPU.Build.0 = Debug|Any CPU
		{6066E543-6188-A440-E372-875A7F02E00F}.Release|Any CPU.ActiveCfg = Release|Any CPU
		{6066E543-6188-A440-E372-875A7F02E00F}.Release|Any CPU.Build.0 = Release|Any CPU
		{80E5DE15-2C8C-F3EA-326D-136A77D13078}.Debug|Any CPU.ActiveCfg = Debug|Any CPU
		{80E5DE15-2C8C-F3EA-326D-136A77D13078}.Debug|Any CPU.Build.0 = Debug|Any CPU
		{80E5DE15-2C8C-F3EA-326D-136A77D13078}.Release|Any CPU.ActiveCfg = Release|Any CPU
		{80E5DE15-2C8C-F3EA-326D-136A77D13078}.Release|Any CPU.Build.0 = Release|Any CPU
	EndGlobalSection
	GlobalSection(SolutionProperties) = preSolution
		HideSolutionNode = FALSE
	EndGlobalSection
EndGlobal
